
Microsoft Visual Studio Solution File, Format Version 12.00
# Visual Studio 15
VisualStudioVersion = 15.0.28307.572
MinimumVisualStudioVersion = 10.0.40219.1
Project("{FAE04EC0-301F-11D3-BF4B-00C04F79EFBC}") = "ProductAPICore.Model", "ProductAPICore.Model\ProductAPICore.Model.csproj", "{0D2CE636-8D49-4F05-B40E-1EF1B6724642}"
EndProject
Global
	GlobalSection(SolutionConfigurationPlatforms) = preSolution
		Debug|Any CPU = Debug|Any CPU
		Release|Any CPU = Release|Any CPU
	EndGlobalSection
	GlobalSection(ProjectConfigurationPlatforms) = postSolution
		{0D2CE636-8D49-4F05-B40E-1EF1B6724642}.Debug|Any CPU.ActiveCfg = Debug|Any CPU
		{0D2CE636-8D49-4F05-B40E-1EF1B6724642}.Debug|Any CPU.Build.0 = Debug|Any CPU
		{0D2CE636-8D49-4F05-B40E-1EF1B6724642}.Release|Any CPU.ActiveCfg = Release|Any CPU
		{0D2CE636-8D49-4F05-B40E-1EF1B6724642}.Release|Any CPU.Build.0 = Release|Any CPU
	EndGlobalSection
	GlobalSection(SolutionProperties) = preSolution
		HideSolutionNode = FALSE
	EndGlobalSection
	GlobalSection(ExtensibilityGlobals) = postSolution
		SolutionGuid = {93FF47BC-EC64-4953-8A7B-C6AB06B01693}
	EndGlobalSection
EndGlobal
